
Microsoft Visual Studio Solution File, Format Version 12.00
# Visual Studio 15
VisualStudioVersion = 15.0.28307.489
MinimumVisualStudioVersion = 10.0.40219.1
Project("{FAE04EC0-301F-11D3-BF4B-00C04F79EFBC}") = "Herancas", "Herancas\Herancas.csproj", "{341D1192-1C55-4B47-878B-A990625E82C0}"
EndProject
Global
	GlobalSection(SolutionConfigurationPlatforms) = preSolution
		Debug|Any CPU = Debug|Any CPU
		Release|Any CPU = Release|Any CPU
	EndGlobalSection
	GlobalSection(ProjectConfigurationPlatforms) = postSolution
		{341D1192-1C55-4B47-878B-A990625E82C0}.Debug|Any CPU.ActiveCfg = Debug|Any CPU
		{341D1192-1C55-4B47-878B-A990625E82C0}.Debug|Any CPU.Build.0 = Debug|Any CPU
		{341D1192-1C55-4B47-878B-A990625E82C0}.Release|Any CPU.ActiveCfg = Release|Any CPU
		{341D1192-1C55-4B47-878B-A990625E82C0}.Release|Any CPU.Build.0 = Release|Any CPU
	EndGlobalSection
	GlobalSection(SolutionProperties) = preSolution
		HideSolutionNode = FALSE
	EndGlobalSection
	GlobalSection(ExtensibilityGlobals) = postSolution
		SolutionGuid = {E945CB04-5C3A-4B62-98EE-DD11053D78E8}
	EndGlobalSection
EndGlobal
